{
  "requires": true,
  "lockfileVersion": 1,
  "dependencies": {
    "esbuild": {
      "version": "0.8.48",
      "resolved": "https://registry.npmjs.org/esbuild/-/esbuild-0.8.48.tgz",
      "integrity": "sha512-lrH8lA8wWQ6Lpe1z6C7ZZaFSmRsUlcQAqe16nf7ITySQ7MV4+vI7qAqQlT/u+c3+9AL3VXmT4MXTxV2e63pO4A=="
    },
    "esutils": {
      "version": "2.0.3",
      "resolved": "https://registry.npmjs.org/esutils/-/esutils-2.0.3.tgz",
      "integrity": "sha512-kVscqXk4OCp68SZ0dkgEKVi6/8ij300KBWTJq32P/dYeWTSwK41WyTxalN1eRmA5Z9UU/LX9D7FWSmV9SAYx6g=="
    },
    "multimap": {
      "version": "1.1.0",
      "resolved": "https://registry.npmjs.org/multimap/-/multimap-1.1.0.tgz",
      "integrity": "sha512-0ZIR9PasPxGXmRsEF8jsDzndzHDj7tIav+JUmvIFB/WHswliFnquxECT/De7GR4yg99ky/NlRKJT82G1y271bw=="
    },
    "object-assign": {
      "version": "4.1.1",
      "resolved": "https://registry.npmjs.org/object-assign/-/object-assign-4.1.1.tgz",
      "integrity": "sha1-IQmtx5ZYh8/AXLvUQsrIv7s2CGM="
    },
    "shift-ast": {
      "version": "6.1.0",
      "resolved": "https://registry.npmjs.org/shift-ast/-/shift-ast-6.1.0.tgz",
      "integrity": "sha512-Vj4XUIJIFPIh6VcBGJ1hjH/kM88XGer94Pr7Rvxa+idEylDsrwtLw268HoxGo5xReL6T3DdRl/9/Pr1XihZ/8Q=="
    },
    "shift-codegen": {
      "version": "7.0.3",
      "resolved": "https://registry.npmjs.org/shift-codegen/-/shift-codegen-7.0.3.tgz",
      "integrity": "sha512-dfCVVdBF0qZ6pkajQ3bjxRdNEltyxEITVe7tBJkQt2eCI3znUkSxq0VSe/tTWq1LKHeAS4HuOiqYEuHMFkSq9w==",
      "requires": {
        "esutils": "^2.0.2",
        "object-assign": "^4.1.0",
        "shift-reducer": "6.0.0"
      }
    },
    "shift-fuzzer": {
      "version": "2.0.0",
      "resolved": "https://registry.npmjs.org/shift-fuzzer/-/shift-fuzzer-2.0.0.tgz",
      "integrity": "sha512-hgV4jqXELYR0UpEDlTnYcv0GXvhXV/y3lyYNyGtTq1Q6EdFIC9LLHjlrfVFt7d1VyzJqPkl/fME31ta0KrHiTQ==",
      "requires": {
        "shift-ast": "6.1.0"
      }
    },
    "shift-parser": {
      "version": "7.0.3",
      "resolved": "https://registry.npmjs.org/shift-parser/-/shift-parser-7.0.3.tgz",
      "integrity": "sha512-uYX2ORyZfKZrUc4iKKkO9KOhzUSxCrSBk7QK6ZmShId+BOo1gh1IwecVy97ynyOTpmhPWUttjC8BzsnQl65Zew==",
      "requires": {
        "multimap": "^1.0.2",
        "shift-ast": "6.0.0",
        "shift-reducer": "6.0.0",
        "shift-regexp-acceptor": "2.0.3"
      },
      "dependencies": {
        "shift-ast": {
          "version": "6.0.0",
          "resolved": "https://registry.npmjs.org/shift-ast/-/shift-ast-6.0.0.tgz",
          "integrity": "sha512-XXxDcEBWVBzqWXfNYJlLyJ1/9kMvOXVRXiqPjkOrTCC5qRsBvEMJMRLLFhU3tn8ue56Y7IZyBE6bexFum5QLUw=="
        }
      }
    },
    "shift-reducer": {
      "version": "6.0.0",
      "resolved": "https://registry.npmjs.org/shift-reducer/-/shift-reducer-6.0.0.tgz",
      "integrity": "sha512-2rJraRP8drIOjvaE/sALa+0tGJmMVUzlmS3wIJerJbaYuCjpFAiF0WjkTOFVtz1144Nm/ECmqeG+7yRhuMVsMg==",
      "requires": {
        "shift-ast": "6.0.0"
      },
      "dependencies": {
        "shift-ast": {
          "version": "6.0.0",
          "resolved": "https://registry.npmjs.org/shift-ast/-/shift-ast-6.0.0.tgz",
          "integrity": "sha512-XXxDcEBWVBzqWXfNYJlLyJ1/9kMvOXVRXiqPjkOrTCC5qRsBvEMJMRLLFhU3tn8ue56Y7IZyBE6bexFum5QLUw=="
        }
      }
    },
    "shift-regexp-acceptor": {
      "version": "2.0.3",
      "resolved": "https://registry.npmjs.org/shift-regexp-acceptor/-/shift-regexp-acceptor-2.0.3.tgz",
      "integrity": "sha512-sxL7e5JNUFxm+gutFRXktX2D6KVgDAHNuDsk5XHB9Z+N5yXooZG6pdZ1GEbo3Jz6lF7ETYLBC4WAjIFm2RKTmA==",
      "requires": {
        "unicode-match-property-ecmascript": "1.0.4",
        "unicode-match-property-value-ecmascript": "1.0.2",
        "unicode-property-aliases-ecmascript": "1.0.4"
      }
    },
    "unicode-canonical-property-names-ecmascript": {
      "version": "1.0.4",
      "resolved": "https://registry.npmjs.org/unicode-canonical-property-names-ecmascript/-/unicode-canonical-property-names-ecmascript-1.0.4.tgz",
      "integrity": "sha512-jDrNnXWHd4oHiTZnx/ZG7gtUTVp+gCcTTKr8L0HjlwphROEW3+Him+IpvC+xcJEFegapiMZyZe02CyuOnRmbnQ=="
    },
    "unicode-match-property-ecmascript": {
      "version": "1.0.4",
      "resolved": "https://registry.npmjs.org/unicode-match-property-ecmascript/-/unicode-match-property-ecmascript-1.0.4.tgz",
      "integrity": "sha512-L4Qoh15vTfntsn4P1zqnHulG0LdXgjSO035fEpdtp6YxXhMT51Q6vgM5lYdG/5X3MjS+k/Y9Xw4SFCY9IkR0rg==",
      "requires": {
        "unicode-canonical-property-names-ecmascript": "^1.0.4",
        "unicode-property-aliases-ecmascript": "^1.0.4"
      }
    },
    "unicode-match-property-value-ecmascript": {
      "version": "1.0.2",
      "resolved": "https://registry.npmjs.org/unicode-match-property-value-ecmascript/-/unicode-match-property-value-ecmascript-1.0.2.tgz",
      "integrity": "sha512-Rx7yODZC1L/T8XKo/2kNzVAQaRE88AaMvI1EF/Xnj3GW2wzN6fop9DDWuFAKUVFH7vozkz26DzP0qyWLKLIVPQ=="
    },
    "unicode-property-aliases-ecmascript": {
      "version": "1.0.4",
      "resolved": "https://registry.npmjs.org/unicode-property-aliases-ecmascript/-/unicode-property-aliases-ecmascript-1.0.4.tgz",
      "integrity": "sha512-2WSLa6OdYd2ng8oqiGIWnJqyFArvhn+5vgx5GTxMbUYjCYKUcuKS62YLFF0R/BDGlB1yzXjQOLtPAfHsgirEpg=="
    }
  }
}
