{
  "requires": true,
  "lockfileVersion": 1,
  "dependencies": {
    "@babel/parser": {
      "version": "7.15.8",
      "resolved": "https://registry.npmjs.org/@babel/parser/-/parser-7.15.8.tgz",
      "integrity": "sha512-BRYa3wcQnjS/nqI8Ac94pYYpJfojHVvVXJ97+IDCImX4Jc8W8Xv1+47enbruk+q1etOpsQNwnfFcNGw+gtPGxA=="
    },
    "@napi-rs/triples": {
      "version": "1.0.3",
      "resolved": "https://registry.npmjs.org/@napi-rs/triples/-/triples-1.0.3.tgz",
      "integrity": "sha512-jDJTpta+P4p1NZTFVLHJ/TLFVYVcOqv6l8xwOeBKNPMgY/zDYH/YH7SJbvrr/h1RcS9GzbPcLKGzpuK9cV56UA=="
    },
    "@node-rs/helper": {
      "version": "1.2.1",
      "resolved": "https://registry.npmjs.org/@node-rs/helper/-/helper-1.2.1.tgz",
      "integrity": "sha512-R5wEmm8nbuQU0YGGmYVjEc0OHtYsuXdpRG+Ut/3wZ9XAvQWyThN08bTh2cBJgoZxHQUPtvRfeQuxcAgLuiBISg==",
      "requires": {
        "@napi-rs/triples": "^1.0.3"
      }
    },
    "@swc/core": {
      "version": "1.2.102",
      "resolved": "https://registry.npmjs.org/@swc/core/-/core-1.2.102.tgz",
      "integrity": "sha512-KQEsDWb8HTSQ/I8N6qVHNSl6al/qcXxsRAjpEP8ZPnnpgThbnP9MeKpT2KeU+Qd4VD0qXM72dMm2QOPzdSlxHQ==",
      "requires": {
        "@node-rs/helper": "^1.0.0",
        "@swc/core-android-arm64": "1.2.102",
        "@swc/core-darwin-arm64": "1.2.102",
        "@swc/core-darwin-x64": "1.2.102",
        "@swc/core-linux-arm-gnueabihf": "1.2.102",
        "@swc/core-linux-arm64-gnu": "1.2.102",
        "@swc/core-linux-arm64-musl": "1.2.102",
        "@swc/core-linux-x64-gnu": "1.2.102",
        "@swc/core-linux-x64-musl": "1.2.102",
        "@swc/core-win32-arm64-msvc": "1.2.102",
        "@swc/core-win32-ia32-msvc": "1.2.102",
        "@swc/core-win32-x64-msvc": "1.2.102"
      }
    },
    "@swc/core-android-arm64": {
      "version": "1.2.102",
      "resolved": "https://registry.npmjs.org/@swc/core-android-arm64/-/core-android-arm64-1.2.102.tgz",
      "integrity": "sha512-03wXXSyzm3I/7E3HihYRwvR/v5Xq8Z6j+oXYAouNoQo0/ODTMH9ATFv30csrK3mRtVEcJUk8VpVvfyh1N4hqkw==",
      "optional": true
    },
    "@swc/core-darwin-arm64": {
      "version": "1.2.102",
      "resolved": "https://registry.npmjs.org/@swc/core-darwin-arm64/-/core-darwin-arm64-1.2.102.tgz",
      "integrity": "sha512-DlC9+qt6gq6gGbmr9MCuMZmdHD/RyfZlf7YfkbQOlRlxaanUWz0lq0TZDWGI6MIofVOgaTle0FImPXby6dI/RA==",
      "optional": true
    },
    "@swc/core-darwin-x64": {
      "version": "1.2.102",
      "resolved": "https://registry.npmjs.org/@swc/core-darwin-x64/-/core-darwin-x64-1.2.102.tgz",
      "integrity": "sha512-JQhxbDnb8RYZ4m7B1f5J05HlUfmjiniQDnpSrvo5rDhlAZWXxuAKjEJQw8Qas/vqLdmgqrZ9POZmFaMBwIgKwg==",
      "optional": true
    },
    "@swc/core-linux-arm-gnueabihf": {
      "version": "1.2.102",
      "resolved": "https://registry.npmjs.org/@swc/core-linux-arm-gnueabihf/-/core-linux-arm-gnueabihf-1.2.102.tgz",
      "integrity": "sha512-XWr6Cm3lBOcSGjTjPDLWHBh+lOSkKFMS2gCpLmIC3StAvtcN0oQY59T4cqDfe7VcBgJcdeo/H4dEnrXvnJyCaw==",
      "optional": true
    },
    "@swc/core-linux-arm64-gnu": {
      "version": "1.2.102",
      "resolved": "https://registry.npmjs.org/@swc/core-linux-arm64-gnu/-/core-linux-arm64-gnu-1.2.102.tgz",
      "integrity": "sha512-HVtLVBpyqpSIkXmonW75nDzpdrRtZXwEYLYG+y6Sw/8AQFQ9WntwnR+xoJ8q9o3Bby2DGpWetjR0V8rr1m+lmg==",
      "optional": true
    },
    "@swc/core-linux-arm64-musl": {
      "version": "1.2.102",
      "resolved": "https://registry.npmjs.org/@swc/core-linux-arm64-musl/-/core-linux-arm64-musl-1.2.102.tgz",
      "integrity": "sha512-XDgnkd90alnkBB+JcXaYIG5lXrv/ppLb9Z5fZ4BIsi8uNsVZgo+H/eAj/BTcYff4mpyGdCdqd7P1lC/WRR8uEg==",
      "optional": true
    },
    "@swc/core-linux-x64-gnu": {
      "version": "1.2.102",
      "resolved": "https://registry.npmjs.org/@swc/core-linux-x64-gnu/-/core-linux-x64-gnu-1.2.102.tgz",
      "integrity": "sha512-O3XZpJ0GMghNcO5uxfhAvDTJ4FgDOcq8DBPpa4f4Mz7hU6fcGY4Koy4rUeff4BuOKlIzI/O+REszxk7Fiivh2w==",
      "optional": true
    },
    "@swc/core-linux-x64-musl": {
      "version": "1.2.102",
      "resolved": "https://registry.npmjs.org/@swc/core-linux-x64-musl/-/core-linux-x64-musl-1.2.102.tgz",
      "integrity": "sha512-bGqatsVX3yc56YoOLGcHMUG23I2PKMe638vCBfuKVWN6UKcGJGMzqZV/efyPiHJDFcWzN/1jYW3GccGQq97G3Q==",
      "optional": true
    },
    "@swc/core-win32-arm64-msvc": {
      "version": "1.2.102",
      "resolved": "https://registry.npmjs.org/@swc/core-win32-arm64-msvc/-/core-win32-arm64-msvc-1.2.102.tgz",
      "integrity": "sha512-A15tUAEDS72a2ixNQl3mKCgMD6RVzntMdWl9pDG71/xRd/U/NVIKx0x12FT5fUQH8PTJ7cgcp2Y0VqKeeEuF5w==",
      "optional": true
    },
    "@swc/core-win32-ia32-msvc": {
      "version": "1.2.102",
      "resolved": "https://registry.npmjs.org/@swc/core-win32-ia32-msvc/-/core-win32-ia32-msvc-1.2.102.tgz",
      "integrity": "sha512-uePvr9+C1Z0KVElU/Y6ZyXw7vqzRIxl+KSYfn9mCFpgYy/1BRSmxpxqTzR0rkfClXMBi2W9a0JosmWbUvRC8ZQ==",
      "optional": true
    },
    "@swc/core-win32-x64-msvc": {
      "version": "1.2.102",
      "resolved": "https://registry.npmjs.org/@swc/core-win32-x64-msvc/-/core-win32-x64-msvc-1.2.102.tgz",
      "integrity": "sha512-VsUducGCqKm0ucFrZiKQZ95Y4EcCSivg/zYBdTXM20eu/7mG9ynBXHCoKW0B+69D6J3IZsrc9Hvcu7gKkT9QfQ==",
      "optional": true
    },
    "esbuild": {
      "version": "0.11.19",
      "resolved": "https://registry.npmjs.org/esbuild/-/esbuild-0.11.19.tgz",
      "integrity": "sha512-X2h8UThAwKLxmc1OChHVegIScphS/qU9cUB5vCEV2T0A024E8Ptpg9xssXXcs+j1uEgXrDJZuVRzx2JsmGzq7A=="
    },
    "esutils": {
      "version": "2.0.3",
      "resolved": "https://registry.npmjs.org/esutils/-/esutils-2.0.3.tgz",
      "integrity": "sha512-kVscqXk4OCp68SZ0dkgEKVi6/8ij300KBWTJq32P/dYeWTSwK41WyTxalN1eRmA5Z9UU/LX9D7FWSmV9SAYx6g=="
    },
    "multimap": {
      "version": "1.1.0",
      "resolved": "https://registry.npmjs.org/multimap/-/multimap-1.1.0.tgz",
      "integrity": "sha512-0ZIR9PasPxGXmRsEF8jsDzndzHDj7tIav+JUmvIFB/WHswliFnquxECT/De7GR4yg99ky/NlRKJT82G1y271bw=="
    },
    "object-assign": {
      "version": "4.1.1",
      "resolved": "https://registry.npmjs.org/object-assign/-/object-assign-4.1.1.tgz",
      "integrity": "sha1-IQmtx5ZYh8/AXLvUQsrIv7s2CGM="
    },
    "shift-ast": {
      "version": "6.1.0",
      "resolved": "https://registry.npmjs.org/shift-ast/-/shift-ast-6.1.0.tgz",
      "integrity": "sha512-Vj4XUIJIFPIh6VcBGJ1hjH/kM88XGer94Pr7Rvxa+idEylDsrwtLw268HoxGo5xReL6T3DdRl/9/Pr1XihZ/8Q=="
    },
    "shift-codegen": {
      "version": "7.0.3",
      "resolved": "https://registry.npmjs.org/shift-codegen/-/shift-codegen-7.0.3.tgz",
      "integrity": "sha512-dfCVVdBF0qZ6pkajQ3bjxRdNEltyxEITVe7tBJkQt2eCI3znUkSxq0VSe/tTWq1LKHeAS4HuOiqYEuHMFkSq9w==",
      "requires": {
        "esutils": "^2.0.2",
        "object-assign": "^4.1.0",
        "shift-reducer": "6.0.0"
      }
    },
    "shift-fuzzer": {
      "version": "2.0.0",
      "resolved": "https://registry.npmjs.org/shift-fuzzer/-/shift-fuzzer-2.0.0.tgz",
      "integrity": "sha512-hgV4jqXELYR0UpEDlTnYcv0GXvhXV/y3lyYNyGtTq1Q6EdFIC9LLHjlrfVFt7d1VyzJqPkl/fME31ta0KrHiTQ==",
      "requires": {
        "shift-ast": "6.1.0"
      }
    },
    "shift-parser": {
      "version": "7.0.3",
      "resolved": "https://registry.npmjs.org/shift-parser/-/shift-parser-7.0.3.tgz",
      "integrity": "sha512-uYX2ORyZfKZrUc4iKKkO9KOhzUSxCrSBk7QK6ZmShId+BOo1gh1IwecVy97ynyOTpmhPWUttjC8BzsnQl65Zew==",
      "requires": {
        "multimap": "^1.0.2",
        "shift-ast": "6.0.0",
        "shift-reducer": "6.0.0",
        "shift-regexp-acceptor": "2.0.3"
      },
      "dependencies": {
        "shift-ast": {
          "version": "6.0.0",
          "resolved": "https://registry.npmjs.org/shift-ast/-/shift-ast-6.0.0.tgz",
          "integrity": "sha512-XXxDcEBWVBzqWXfNYJlLyJ1/9kMvOXVRXiqPjkOrTCC5qRsBvEMJMRLLFhU3tn8ue56Y7IZyBE6bexFum5QLUw=="
        }
      }
    },
    "shift-reducer": {
      "version": "6.0.0",
      "resolved": "https://registry.npmjs.org/shift-reducer/-/shift-reducer-6.0.0.tgz",
      "integrity": "sha512-2rJraRP8drIOjvaE/sALa+0tGJmMVUzlmS3wIJerJbaYuCjpFAiF0WjkTOFVtz1144Nm/ECmqeG+7yRhuMVsMg==",
      "requires": {
        "shift-ast": "6.0.0"
      },
      "dependencies": {
        "shift-ast": {
          "version": "6.0.0",
          "resolved": "https://registry.npmjs.org/shift-ast/-/shift-ast-6.0.0.tgz",
          "integrity": "sha512-XXxDcEBWVBzqWXfNYJlLyJ1/9kMvOXVRXiqPjkOrTCC5qRsBvEMJMRLLFhU3tn8ue56Y7IZyBE6bexFum5QLUw=="
        }
      }
    },
    "shift-regexp-acceptor": {
      "version": "2.0.3",
      "resolved": "https://registry.npmjs.org/shift-regexp-acceptor/-/shift-regexp-acceptor-2.0.3.tgz",
      "integrity": "sha512-sxL7e5JNUFxm+gutFRXktX2D6KVgDAHNuDsk5XHB9Z+N5yXooZG6pdZ1GEbo3Jz6lF7ETYLBC4WAjIFm2RKTmA==",
      "requires": {
        "unicode-match-property-ecmascript": "1.0.4",
        "unicode-match-property-value-ecmascript": "1.0.2",
        "unicode-property-aliases-ecmascript": "1.0.4"
      }
    },
    "shift-shrink": {
      "version": "1.1.2",
      "resolved": "https://registry.npmjs.org/shift-shrink/-/shift-shrink-1.1.2.tgz",
      "integrity": "sha512-A8bQGbXrc2ddu244I78Dwi/kVB0EeoFtlNHZU/z5ndevhr7IVlZDM4c5wk+ds6lPlPahzqrOC7/lcfKU920jwQ==",
      "requires": {
        "shift-ast": "^6.1.0",
        "shift-parser": "^7.0.3",
        "shift-reducer": "^6.0.0",
        "shift-spec": "^2018.0.2",
        "shift-validator": "^5.0.1"
      }
    },
    "shift-spec": {
      "version": "2018.0.2",
      "resolved": "https://registry.npmjs.org/shift-spec/-/shift-spec-2018.0.2.tgz",
      "integrity": "sha512-5CP/cKDEim4rZ6ViCSipTLY2U7HJr8q/kpDuCBmebFqbx/0DeozWO+9ienHmYjgGLDfHrqj+LBAN67FRK2vE6w=="
    },
    "shift-validator": {
      "version": "5.0.1",
      "resolved": "https://registry.npmjs.org/shift-validator/-/shift-validator-5.0.1.tgz",
      "integrity": "sha512-q0uUu2IWgEnItpuTbL1HGJkfBWKTGhDMTOqe1ANlc6qfV6jo1E3LB2P1rAVWQnOl+9iZSfdqYzNIACZ0j07l4Q==",
      "requires": {
        "esutils": "2.0.2",
        "shift-parser": "7.0.3",
        "shift-reducer": "6.0.0",
        "shift-regexp-acceptor": "2.0.3"
      },
      "dependencies": {
        "esutils": {
          "version": "2.0.2",
          "resolved": "https://registry.npmjs.org/esutils/-/esutils-2.0.2.tgz",
          "integrity": "sha1-Cr9PHKpbyx96nYrMbepPqqBLrJs="
        }
      }
    },
    "tenko": {
      "version": "2.0.1",
      "resolved": "https://registry.npmjs.org/tenko/-/tenko-2.0.1.tgz",
      "integrity": "sha512-oE6Dh8t5i5Cgc0LlogAKotl40wTWLyAn9fMwl5ZMoCUSxj5CFemzBJujy5/9DTFvI+LAsdhf/SYfFMIwUX99ug=="
    },
    "unicode-canonical-property-names-ecmascript": {
      "version": "1.0.4",
      "resolved": "https://registry.npmjs.org/unicode-canonical-property-names-ecmascript/-/unicode-canonical-property-names-ecmascript-1.0.4.tgz",
      "integrity": "sha512-jDrNnXWHd4oHiTZnx/ZG7gtUTVp+gCcTTKr8L0HjlwphROEW3+Him+IpvC+xcJEFegapiMZyZe02CyuOnRmbnQ=="
    },
    "unicode-match-property-ecmascript": {
      "version": "1.0.4",
      "resolved": "https://registry.npmjs.org/unicode-match-property-ecmascript/-/unicode-match-property-ecmascript-1.0.4.tgz",
      "integrity": "sha512-L4Qoh15vTfntsn4P1zqnHulG0LdXgjSO035fEpdtp6YxXhMT51Q6vgM5lYdG/5X3MjS+k/Y9Xw4SFCY9IkR0rg==",
      "requires": {
        "unicode-canonical-property-names-ecmascript": "^1.0.4",
        "unicode-property-aliases-ecmascript": "^1.0.4"
      }
    },
    "unicode-match-property-value-ecmascript": {
      "version": "1.0.2",
      "resolved": "https://registry.npmjs.org/unicode-match-property-value-ecmascript/-/unicode-match-property-value-ecmascript-1.0.2.tgz",
      "integrity": "sha512-Rx7yODZC1L/T8XKo/2kNzVAQaRE88AaMvI1EF/Xnj3GW2wzN6fop9DDWuFAKUVFH7vozkz26DzP0qyWLKLIVPQ=="
    },
    "unicode-property-aliases-ecmascript": {
      "version": "1.0.4",
      "resolved": "https://registry.npmjs.org/unicode-property-aliases-ecmascript/-/unicode-property-aliases-ecmascript-1.0.4.tgz",
      "integrity": "sha512-2WSLa6OdYd2ng8oqiGIWnJqyFArvhn+5vgx5GTxMbUYjCYKUcuKS62YLFF0R/BDGlB1yzXjQOLtPAfHsgirEpg=="
    }
  }
}
