{
  "name": "fuzz-js",
  "lockfileVersion": 2,
  "requires": true,
  "packages": {
    "": {
      "dependencies": {
        "@swc/core": "^1.2.77",
        "esbuild": "^0.11.19",
        "shift-ast": "^6.1.0",
        "shift-codegen": "^7.0.3",
        "shift-fuzzer": "^2.0.0",
        "shift-parser": "^7.0.3",
        "shift-shrink": "^1.1.2",
        "tenko": "^2.0.1"
      }
    },
    "node_modules/@napi-rs/triples": {
      "version": "1.0.3",
      "resolved": "https://registry.npmjs.org/@napi-rs/triples/-/triples-1.0.3.tgz",
      "integrity": "sha512-jDJTpta+P4p1NZTFVLHJ/TLFVYVcOqv6l8xwOeBKNPMgY/zDYH/YH7SJbvrr/h1RcS9GzbPcLKGzpuK9cV56UA=="
    },
    "node_modules/@node-rs/helper": {
      "version": "1.2.1",
      "resolved": "https://registry.npmjs.org/@node-rs/helper/-/helper-1.2.1.tgz",
      "integrity": "sha512-R5wEmm8nbuQU0YGGmYVjEc0OHtYsuXdpRG+Ut/3wZ9XAvQWyThN08bTh2cBJgoZxHQUPtvRfeQuxcAgLuiBISg==",
      "dependencies": {
        "@napi-rs/triples": "^1.0.3"
      }
    },
    "node_modules/@swc/core": {
      "version": "1.2.77",
      "resolved": "https://registry.npmjs.org/@swc/core/-/core-1.2.77.tgz",
      "integrity": "sha512-el2dvjMsCJofxigNq4FhPCqjguWdhvbgQ/WzUrVhHcm2+Nyf2bLiEuK9Nkv1duoDeMpVFWDnRicyVXIO0jUqng==",
      "dependencies": {
        "@node-rs/helper": "^1.0.0"
      },
      "engines": {
        "node": ">=10"
      },
      "funding": {
        "type": "opencollective",
        "url": "https://opencollective.com/swc"
      },
      "optionalDependencies": {
        "@swc/core-android-arm64": "^1.2.77",
        "@swc/core-darwin-arm64": "^1.2.77",
        "@swc/core-darwin-x64": "^1.2.77",
        "@swc/core-freebsd-x64": "^1.2.77",
        "@swc/core-linux-arm-gnueabihf": "^1.2.77",
        "@swc/core-linux-arm64-gnu": "^1.2.77",
        "@swc/core-linux-arm64-musl": "^1.2.77",
        "@swc/core-linux-x64-gnu": "^1.2.77",
        "@swc/core-linux-x64-musl": "^1.2.77",
        "@swc/core-win32-arm64-msvc": "^1.2.77",
        "@swc/core-win32-ia32-msvc": "^1.2.77",
        "@swc/core-win32-x64-msvc": "^1.2.77"
      }
    },
    "node_modules/@swc/core-android-arm64": {
      "version": "1.2.77",
      "resolved": "https://registry.npmjs.org/@swc/core-android-arm64/-/core-android-arm64-1.2.77.tgz",
      "integrity": "sha512-OPZ3qYCr95CteC0Fv84eQjw5V1rfhp0rzq0MnlcjvWBzZx9OR5sXrJlfNaaQm17zvXb/isbgqvdtUj8v7v4YOQ==",
      "cpu": [
        "arm64"
      ],
      "optional": true,
      "os": [
        "android"
      ],
      "engines": {
        "node": ">=10"
      }
    },
    "node_modules/@swc/core-darwin-arm64": {
      "version": "1.2.77",
      "resolved": "https://registry.npmjs.org/@swc/core-darwin-arm64/-/core-darwin-arm64-1.2.77.tgz",
      "integrity": "sha512-a4UKMwxdlbzrXZUaZyNf+FSxAXfMtgA6UgMEM7mv9iMkYcqe38dBuU7UkOQqKoG5F0PSduUHtL0UztqtPqZ2mw==",
      "cpu": [
        "arm64"
      ],
      "optional": true,
      "os": [
        "darwin"
      ],
      "engines": {
        "node": ">=10"
      }
    },
    "node_modules/@swc/core-darwin-x64": {
      "version": "1.2.77",
      "resolved": "https://registry.npmjs.org/@swc/core-darwin-x64/-/core-darwin-x64-1.2.77.tgz",
      "integrity": "sha512-BS+xOM45Aspp9MKSR+qIeplj5KJOaAYp7VgCRMia6ZWbe0dUbFi31t+Ui6vBH/elv1c+7aKFf6FzcM5alVQ8UA==",
      "cpu": [
        "x64"
      ],
      "optional": true,
      "os": [
        "darwin"
      ],
      "engines": {
        "node": ">=10"
      }
    },
    "node_modules/@swc/core-freebsd-x64": {
      "version": "1.2.77",
      "resolved": "https://registry.npmjs.org/@swc/core-freebsd-x64/-/core-freebsd-x64-1.2.77.tgz",
      "integrity": "sha512-X4J3GAL0ByncWfreVe6cpN/0TsFXGz0YomQJeK2jCdcPl6PhiUQj82d5JOuBxe7xbRh8HcQ7YHqF/ymb33RBdw==",
      "cpu": [
        "x64"
      ],
      "optional": true,
      "os": [
        "freebsd"
      ],
      "engines": {
        "node": ">=10"
      }
    },
    "node_modules/@swc/core-linux-arm-gnueabihf": {
      "version": "1.2.77",
      "resolved": "https://registry.npmjs.org/@swc/core-linux-arm-gnueabihf/-/core-linux-arm-gnueabihf-1.2.77.tgz",
      "integrity": "sha512-3spvD1ssWgXKoUkc9fPoM8S5zJHGf+i8Tk9l8BZey/WqB+jEa3gUNpp+5Cyaoi2/Cang+6c4A4tZzCKE25SnyA==",
      "cpu": [
        "arm"
      ],
      "optional": true,
      "os": [
        "linux"
      ],
      "engines": {
        "node": ">=10"
      }
    },
    "node_modules/@swc/core-linux-arm64-gnu": {
      "version": "1.2.77",
      "resolved": "https://registry.npmjs.org/@swc/core-linux-arm64-gnu/-/core-linux-arm64-gnu-1.2.77.tgz",
      "integrity": "sha512-lMbl6g6ssPelco7rEAWLnGuX8vLm33LLyIisxoL+RBcixjJFluMIhL0XErJik22xkPbkuJ2TTm++Ji1pO7NmLw==",
      "cpu": [
        "arm64"
      ],
      "optional": true,
      "os": [
        "linux"
      ],
      "engines": {
        "node": ">=10"
      }
    },
    "node_modules/@swc/core-linux-arm64-musl": {
      "version": "1.2.77",
      "resolved": "https://registry.npmjs.org/@swc/core-linux-arm64-musl/-/core-linux-arm64-musl-1.2.77.tgz",
      "integrity": "sha512-XMN5gxIpM6dpmjfTVew7TuxiePJT0Lo1MWjeBf3tpRYqLOEoawKJk/q/48cW53l8wX7DHuLxJVbrxcYWsVuKuw==",
      "cpu": [
        "arm64"
      ],
      "optional": true,
      "os": [
        "linux"
      ],
      "engines": {
        "node": ">=10"
      }
    },
    "node_modules/@swc/core-linux-x64-gnu": {
      "version": "1.2.77",
      "resolved": "https://registry.npmjs.org/@swc/core-linux-x64-gnu/-/core-linux-x64-gnu-1.2.77.tgz",
      "integrity": "sha512-w36+wse0MXPVY1XAA1zplw6c4oh0xopVQjJjSUKH/m3ii98WLGM1XEb5/FMVRlun/WQEGNJkBkjOytlNVKKTyQ==",
      "cpu": [
        "x64"
      ],
      "optional": true,
      "os": [
        "linux"
      ],
      "engines": {
        "node": ">=10"
      }
    },
    "node_modules/@swc/core-linux-x64-musl": {
      "version": "1.2.77",
      "resolved": "https://registry.npmjs.org/@swc/core-linux-x64-musl/-/core-linux-x64-musl-1.2.77.tgz",
      "integrity": "sha512-C88iQD2bZVYKYygwGKj32qSk6CwB0HW5BsF0Ld1Wyfnn+XK1Nnv4tjNoMJZ6zketjzd0sl0bYLwmB80wK+lOIA==",
      "cpu": [
        "x64"
      ],
      "optional": true,
      "os": [
        "linux"
      ],
      "engines": {
        "node": ">=10"
      }
    },
    "node_modules/@swc/core-win32-arm64-msvc": {
      "version": "1.2.77",
      "resolved": "https://registry.npmjs.org/@swc/core-win32-arm64-msvc/-/core-win32-arm64-msvc-1.2.77.tgz",
      "integrity": "sha512-K4ih+McHDIkaKqB3SDZ1KGojUyfJKU0K4RAZ0N+sEzxE38uR73iRNOoc818DJmRVIE9dWd5m0Rc9JPA38ahCEA==",
      "cpu": [
        "arm64"
      ],
      "optional": true,
      "os": [
        "win32"
      ],
      "engines": {
        "node": ">=10"
      }
    },
    "node_modules/@swc/core-win32-ia32-msvc": {
      "version": "1.2.77",
      "resolved": "https://registry.npmjs.org/@swc/core-win32-ia32-msvc/-/core-win32-ia32-msvc-1.2.77.tgz",
      "integrity": "sha512-sEXgCqOtWa7nVtVwb5n7y99lEM8mvegt/QSXgjeSIv4l4RY1DXJTtWskP+AzE0e8MOh72LWnXeW+VOit7T94NA==",
      "cpu": [
        "ia32"
      ],
      "optional": true,
      "os": [
        "win32"
      ],
      "engines": {
        "node": ">=10"
      }
    },
    "node_modules/@swc/core-win32-x64-msvc": {
      "version": "1.2.77",
      "resolved": "https://registry.npmjs.org/@swc/core-win32-x64-msvc/-/core-win32-x64-msvc-1.2.77.tgz",
      "integrity": "sha512-0qs1pJeM5AZkzuXKw9p7oVK7jfskLNzPP2xwEEiUp4f+cZGDSUgZ+0sDO36bkpSJDu9yFa+2R9NcGHlc7c6BZg==",
      "cpu": [
        "x64"
      ],
      "optional": true,
      "os": [
        "win32"
      ],
      "engines": {
        "node": ">=10"
      }
    },
    "node_modules/esbuild": {
      "version": "0.11.19",
      "resolved": "https://registry.npmjs.org/esbuild/-/esbuild-0.11.19.tgz",
      "integrity": "sha512-X2h8UThAwKLxmc1OChHVegIScphS/qU9cUB5vCEV2T0A024E8Ptpg9xssXXcs+j1uEgXrDJZuVRzx2JsmGzq7A==",
      "bin": {
        "esbuild": "bin/esbuild"
      }
    },
    "node_modules/esutils": {
      "version": "2.0.3",
      "resolved": "https://registry.npmjs.org/esutils/-/esutils-2.0.3.tgz",
      "integrity": "sha512-kVscqXk4OCp68SZ0dkgEKVi6/8ij300KBWTJq32P/dYeWTSwK41WyTxalN1eRmA5Z9UU/LX9D7FWSmV9SAYx6g==",
      "engines": {
        "node": ">=0.10.0"
      }
    },
    "node_modules/multimap": {
      "version": "1.1.0",
      "resolved": "https://registry.npmjs.org/multimap/-/multimap-1.1.0.tgz",
      "integrity": "sha512-0ZIR9PasPxGXmRsEF8jsDzndzHDj7tIav+JUmvIFB/WHswliFnquxECT/De7GR4yg99ky/NlRKJT82G1y271bw=="
    },
    "node_modules/object-assign": {
      "version": "4.1.1",
      "resolved": "https://registry.npmjs.org/object-assign/-/object-assign-4.1.1.tgz",
      "integrity": "sha1-IQmtx5ZYh8/AXLvUQsrIv7s2CGM=",
      "engines": {
        "node": ">=0.10.0"
      }
    },
    "node_modules/shift-ast": {
      "version": "6.1.0",
      "resolved": "https://registry.npmjs.org/shift-ast/-/shift-ast-6.1.0.tgz",
      "integrity": "sha512-Vj4XUIJIFPIh6VcBGJ1hjH/kM88XGer94Pr7Rvxa+idEylDsrwtLw268HoxGo5xReL6T3DdRl/9/Pr1XihZ/8Q=="
    },
    "node_modules/shift-codegen": {
      "version": "7.0.3",
      "resolved": "https://registry.npmjs.org/shift-codegen/-/shift-codegen-7.0.3.tgz",
      "integrity": "sha512-dfCVVdBF0qZ6pkajQ3bjxRdNEltyxEITVe7tBJkQt2eCI3znUkSxq0VSe/tTWq1LKHeAS4HuOiqYEuHMFkSq9w==",
      "dependencies": {
        "esutils": "^2.0.2",
        "object-assign": "^4.1.0",
        "shift-reducer": "6.0.0"
      }
    },
    "node_modules/shift-fuzzer": {
      "version": "2.0.0",
      "resolved": "https://registry.npmjs.org/shift-fuzzer/-/shift-fuzzer-2.0.0.tgz",
      "integrity": "sha512-hgV4jqXELYR0UpEDlTnYcv0GXvhXV/y3lyYNyGtTq1Q6EdFIC9LLHjlrfVFt7d1VyzJqPkl/fME31ta0KrHiTQ==",
      "dependencies": {
        "shift-ast": "6.1.0"
      }
    },
    "node_modules/shift-parser": {
      "version": "7.0.3",
      "resolved": "https://registry.npmjs.org/shift-parser/-/shift-parser-7.0.3.tgz",
      "integrity": "sha512-uYX2ORyZfKZrUc4iKKkO9KOhzUSxCrSBk7QK6ZmShId+BOo1gh1IwecVy97ynyOTpmhPWUttjC8BzsnQl65Zew==",
      "dependencies": {
        "multimap": "^1.0.2",
        "shift-ast": "6.0.0",
        "shift-reducer": "6.0.0",
        "shift-regexp-acceptor": "2.0.3"
      }
    },
    "node_modules/shift-parser/node_modules/shift-ast": {
      "version": "6.0.0",
      "resolved": "https://registry.npmjs.org/shift-ast/-/shift-ast-6.0.0.tgz",
      "integrity": "sha512-XXxDcEBWVBzqWXfNYJlLyJ1/9kMvOXVRXiqPjkOrTCC5qRsBvEMJMRLLFhU3tn8ue56Y7IZyBE6bexFum5QLUw=="
    },
    "node_modules/shift-reducer": {
      "version": "6.0.0",
      "resolved": "https://registry.npmjs.org/shift-reducer/-/shift-reducer-6.0.0.tgz",
      "integrity": "sha512-2rJraRP8drIOjvaE/sALa+0tGJmMVUzlmS3wIJerJbaYuCjpFAiF0WjkTOFVtz1144Nm/ECmqeG+7yRhuMVsMg==",
      "dependencies": {
        "shift-ast": "6.0.0"
      }
    },
    "node_modules/shift-reducer/node_modules/shift-ast": {
      "version": "6.0.0",
      "resolved": "https://registry.npmjs.org/shift-ast/-/shift-ast-6.0.0.tgz",
      "integrity": "sha512-XXxDcEBWVBzqWXfNYJlLyJ1/9kMvOXVRXiqPjkOrTCC5qRsBvEMJMRLLFhU3tn8ue56Y7IZyBE6bexFum5QLUw=="
    },
    "node_modules/shift-regexp-acceptor": {
      "version": "2.0.3",
      "resolved": "https://registry.npmjs.org/shift-regexp-acceptor/-/shift-regexp-acceptor-2.0.3.tgz",
      "integrity": "sha512-sxL7e5JNUFxm+gutFRXktX2D6KVgDAHNuDsk5XHB9Z+N5yXooZG6pdZ1GEbo3Jz6lF7ETYLBC4WAjIFm2RKTmA==",
      "dependencies": {
        "unicode-match-property-ecmascript": "1.0.4",
        "unicode-match-property-value-ecmascript": "1.0.2",
        "unicode-property-aliases-ecmascript": "1.0.4"
      }
    },
    "node_modules/shift-shrink": {
      "version": "1.1.2",
      "resolved": "https://registry.npmjs.org/shift-shrink/-/shift-shrink-1.1.2.tgz",
      "integrity": "sha512-A8bQGbXrc2ddu244I78Dwi/kVB0EeoFtlNHZU/z5ndevhr7IVlZDM4c5wk+ds6lPlPahzqrOC7/lcfKU920jwQ==",
      "dependencies": {
        "shift-ast": "^6.1.0",
        "shift-parser": "^7.0.3",
        "shift-reducer": "^6.0.0",
        "shift-spec": "^2018.0.2",
        "shift-validator": "^5.0.1"
      }
    },
    "node_modules/shift-spec": {
      "version": "2018.0.2",
      "resolved": "https://registry.npmjs.org/shift-spec/-/shift-spec-2018.0.2.tgz",
      "integrity": "sha512-5CP/cKDEim4rZ6ViCSipTLY2U7HJr8q/kpDuCBmebFqbx/0DeozWO+9ienHmYjgGLDfHrqj+LBAN67FRK2vE6w=="
    },
    "node_modules/shift-validator": {
      "version": "5.0.1",
      "resolved": "https://registry.npmjs.org/shift-validator/-/shift-validator-5.0.1.tgz",
      "integrity": "sha512-q0uUu2IWgEnItpuTbL1HGJkfBWKTGhDMTOqe1ANlc6qfV6jo1E3LB2P1rAVWQnOl+9iZSfdqYzNIACZ0j07l4Q==",
      "dependencies": {
        "esutils": "2.0.2",
        "shift-parser": "7.0.3",
        "shift-reducer": "6.0.0",
        "shift-regexp-acceptor": "2.0.3"
      }
    },
    "node_modules/shift-validator/node_modules/esutils": {
      "version": "2.0.2",
      "resolved": "https://registry.npmjs.org/esutils/-/esutils-2.0.2.tgz",
      "integrity": "sha1-Cr9PHKpbyx96nYrMbepPqqBLrJs=",
      "engines": {
        "node": ">=0.10.0"
      }
    },
    "node_modules/tenko": {
      "version": "2.0.1",
      "resolved": "https://registry.npmjs.org/tenko/-/tenko-2.0.1.tgz",
      "integrity": "sha512-oE6Dh8t5i5Cgc0LlogAKotl40wTWLyAn9fMwl5ZMoCUSxj5CFemzBJujy5/9DTFvI+LAsdhf/SYfFMIwUX99ug==",
      "bin": {
        "tenko": "t"
      }
    },
    "node_modules/unicode-canonical-property-names-ecmascript": {
      "version": "1.0.4",
      "resolved": "https://registry.npmjs.org/unicode-canonical-property-names-ecmascript/-/unicode-canonical-property-names-ecmascript-1.0.4.tgz",
      "integrity": "sha512-jDrNnXWHd4oHiTZnx/ZG7gtUTVp+gCcTTKr8L0HjlwphROEW3+Him+IpvC+xcJEFegapiMZyZe02CyuOnRmbnQ==",
      "engines": {
        "node": ">=4"
      }
    },
    "node_modules/unicode-match-property-ecmascript": {
      "version": "1.0.4",
      "resolved": "https://registry.npmjs.org/unicode-match-property-ecmascript/-/unicode-match-property-ecmascript-1.0.4.tgz",
      "integrity": "sha512-L4Qoh15vTfntsn4P1zqnHulG0LdXgjSO035fEpdtp6YxXhMT51Q6vgM5lYdG/5X3MjS+k/Y9Xw4SFCY9IkR0rg==",
      "dependencies": {
        "unicode-canonical-property-names-ecmascript": "^1.0.4",
        "unicode-property-aliases-ecmascript": "^1.0.4"
      },
      "engines": {
        "node": ">=4"
      }
    },
    "node_modules/unicode-match-property-value-ecmascript": {
      "version": "1.0.2",
      "resolved": "https://registry.npmjs.org/unicode-match-property-value-ecmascript/-/unicode-match-property-value-ecmascript-1.0.2.tgz",
      "integrity": "sha512-Rx7yODZC1L/T8XKo/2kNzVAQaRE88AaMvI1EF/Xnj3GW2wzN6fop9DDWuFAKUVFH7vozkz26DzP0qyWLKLIVPQ==",
      "engines": {
        "node": ">=4"
      }
    },
    "node_modules/unicode-property-aliases-ecmascript": {
      "version": "1.0.4",
      "resolved": "https://registry.npmjs.org/unicode-property-aliases-ecmascript/-/unicode-property-aliases-ecmascript-1.0.4.tgz",
      "integrity": "sha512-2WSLa6OdYd2ng8oqiGIWnJqyFArvhn+5vgx5GTxMbUYjCYKUcuKS62YLFF0R/BDGlB1yzXjQOLtPAfHsgirEpg==",
      "engines": {
        "node": ">=4"
      }
    }
  },
  "dependencies": {
    "@napi-rs/triples": {
      "version": "1.0.3",
      "resolved": "https://registry.npmjs.org/@napi-rs/triples/-/triples-1.0.3.tgz",
      "integrity": "sha512-jDJTpta+P4p1NZTFVLHJ/TLFVYVcOqv6l8xwOeBKNPMgY/zDYH/YH7SJbvrr/h1RcS9GzbPcLKGzpuK9cV56UA=="
    },
    "@node-rs/helper": {
      "version": "1.2.1",
      "resolved": "https://registry.npmjs.org/@node-rs/helper/-/helper-1.2.1.tgz",
      "integrity": "sha512-R5wEmm8nbuQU0YGGmYVjEc0OHtYsuXdpRG+Ut/3wZ9XAvQWyThN08bTh2cBJgoZxHQUPtvRfeQuxcAgLuiBISg==",
      "requires": {
        "@napi-rs/triples": "^1.0.3"
      }
    },
    "@swc/core": {
      "version": "1.2.77",
      "resolved": "https://registry.npmjs.org/@swc/core/-/core-1.2.77.tgz",
      "integrity": "sha512-el2dvjMsCJofxigNq4FhPCqjguWdhvbgQ/WzUrVhHcm2+Nyf2bLiEuK9Nkv1duoDeMpVFWDnRicyVXIO0jUqng==",
      "requires": {
        "@node-rs/helper": "^1.0.0",
        "@swc/core-android-arm64": "^1.2.77",
        "@swc/core-darwin-arm64": "^1.2.77",
        "@swc/core-darwin-x64": "^1.2.77",
        "@swc/core-freebsd-x64": "^1.2.77",
        "@swc/core-linux-arm-gnueabihf": "^1.2.77",
        "@swc/core-linux-arm64-gnu": "^1.2.77",
        "@swc/core-linux-arm64-musl": "^1.2.77",
        "@swc/core-linux-x64-gnu": "^1.2.77",
        "@swc/core-linux-x64-musl": "^1.2.77",
        "@swc/core-win32-arm64-msvc": "^1.2.77",
        "@swc/core-win32-ia32-msvc": "^1.2.77",
        "@swc/core-win32-x64-msvc": "^1.2.77"
      }
    },
    "@swc/core-android-arm64": {
      "version": "1.2.77",
      "resolved": "https://registry.npmjs.org/@swc/core-android-arm64/-/core-android-arm64-1.2.77.tgz",
      "integrity": "sha512-OPZ3qYCr95CteC0Fv84eQjw5V1rfhp0rzq0MnlcjvWBzZx9OR5sXrJlfNaaQm17zvXb/isbgqvdtUj8v7v4YOQ==",
      "optional": true
    },
    "@swc/core-darwin-arm64": {
      "version": "1.2.77",
      "resolved": "https://registry.npmjs.org/@swc/core-darwin-arm64/-/core-darwin-arm64-1.2.77.tgz",
      "integrity": "sha512-a4UKMwxdlbzrXZUaZyNf+FSxAXfMtgA6UgMEM7mv9iMkYcqe38dBuU7UkOQqKoG5F0PSduUHtL0UztqtPqZ2mw==",
      "optional": true
    },
    "@swc/core-darwin-x64": {
      "version": "1.2.77",
      "resolved": "https://registry.npmjs.org/@swc/core-darwin-x64/-/core-darwin-x64-1.2.77.tgz",
      "integrity": "sha512-BS+xOM45Aspp9MKSR+qIeplj5KJOaAYp7VgCRMia6ZWbe0dUbFi31t+Ui6vBH/elv1c+7aKFf6FzcM5alVQ8UA==",
      "optional": true
    },
    "@swc/core-freebsd-x64": {
      "version": "1.2.77",
      "resolved": "https://registry.npmjs.org/@swc/core-freebsd-x64/-/core-freebsd-x64-1.2.77.tgz",
      "integrity": "sha512-X4J3GAL0ByncWfreVe6cpN/0TsFXGz0YomQJeK2jCdcPl6PhiUQj82d5JOuBxe7xbRh8HcQ7YHqF/ymb33RBdw==",
      "optional": true
    },
    "@swc/core-linux-arm-gnueabihf": {
      "version": "1.2.77",
      "resolved": "https://registry.npmjs.org/@swc/core-linux-arm-gnueabihf/-/core-linux-arm-gnueabihf-1.2.77.tgz",
      "integrity": "sha512-3spvD1ssWgXKoUkc9fPoM8S5zJHGf+i8Tk9l8BZey/WqB+jEa3gUNpp+5Cyaoi2/Cang+6c4A4tZzCKE25SnyA==",
      "optional": true
    },
    "@swc/core-linux-arm64-gnu": {
      "version": "1.2.77",
      "resolved": "https://registry.npmjs.org/@swc/core-linux-arm64-gnu/-/core-linux-arm64-gnu-1.2.77.tgz",
      "integrity": "sha512-lMbl6g6ssPelco7rEAWLnGuX8vLm33LLyIisxoL+RBcixjJFluMIhL0XErJik22xkPbkuJ2TTm++Ji1pO7NmLw==",
      "optional": true
    },
    "@swc/core-linux-arm64-musl": {
      "version": "1.2.77",
      "resolved": "https://registry.npmjs.org/@swc/core-linux-arm64-musl/-/core-linux-arm64-musl-1.2.77.tgz",
      "integrity": "sha512-XMN5gxIpM6dpmjfTVew7TuxiePJT0Lo1MWjeBf3tpRYqLOEoawKJk/q/48cW53l8wX7DHuLxJVbrxcYWsVuKuw==",
      "optional": true
    },
    "@swc/core-linux-x64-gnu": {
      "version": "1.2.77",
      "resolved": "https://registry.npmjs.org/@swc/core-linux-x64-gnu/-/core-linux-x64-gnu-1.2.77.tgz",
      "integrity": "sha512-w36+wse0MXPVY1XAA1zplw6c4oh0xopVQjJjSUKH/m3ii98WLGM1XEb5/FMVRlun/WQEGNJkBkjOytlNVKKTyQ==",
      "optional": true
    },
    "@swc/core-linux-x64-musl": {
      "version": "1.2.77",
      "resolved": "https://registry.npmjs.org/@swc/core-linux-x64-musl/-/core-linux-x64-musl-1.2.77.tgz",
      "integrity": "sha512-C88iQD2bZVYKYygwGKj32qSk6CwB0HW5BsF0Ld1Wyfnn+XK1Nnv4tjNoMJZ6zketjzd0sl0bYLwmB80wK+lOIA==",
      "optional": true
    },
    "@swc/core-win32-arm64-msvc": {
      "version": "1.2.77",
      "resolved": "https://registry.npmjs.org/@swc/core-win32-arm64-msvc/-/core-win32-arm64-msvc-1.2.77.tgz",
      "integrity": "sha512-K4ih+McHDIkaKqB3SDZ1KGojUyfJKU0K4RAZ0N+sEzxE38uR73iRNOoc818DJmRVIE9dWd5m0Rc9JPA38ahCEA==",
      "optional": true
    },
    "@swc/core-win32-ia32-msvc": {
      "version": "1.2.77",
      "resolved": "https://registry.npmjs.org/@swc/core-win32-ia32-msvc/-/core-win32-ia32-msvc-1.2.77.tgz",
      "integrity": "sha512-sEXgCqOtWa7nVtVwb5n7y99lEM8mvegt/QSXgjeSIv4l4RY1DXJTtWskP+AzE0e8MOh72LWnXeW+VOit7T94NA==",
      "optional": true
    },
    "@swc/core-win32-x64-msvc": {
      "version": "1.2.77",
      "resolved": "https://registry.npmjs.org/@swc/core-win32-x64-msvc/-/core-win32-x64-msvc-1.2.77.tgz",
      "integrity": "sha512-0qs1pJeM5AZkzuXKw9p7oVK7jfskLNzPP2xwEEiUp4f+cZGDSUgZ+0sDO36bkpSJDu9yFa+2R9NcGHlc7c6BZg==",
      "optional": true
    },
    "esbuild": {
      "version": "0.11.19",
      "resolved": "https://registry.npmjs.org/esbuild/-/esbuild-0.11.19.tgz",
      "integrity": "sha512-X2h8UThAwKLxmc1OChHVegIScphS/qU9cUB5vCEV2T0A024E8Ptpg9xssXXcs+j1uEgXrDJZuVRzx2JsmGzq7A=="
    },
    "esutils": {
      "version": "2.0.3",
      "resolved": "https://registry.npmjs.org/esutils/-/esutils-2.0.3.tgz",
      "integrity": "sha512-kVscqXk4OCp68SZ0dkgEKVi6/8ij300KBWTJq32P/dYeWTSwK41WyTxalN1eRmA5Z9UU/LX9D7FWSmV9SAYx6g=="
    },
    "multimap": {
      "version": "1.1.0",
      "resolved": "https://registry.npmjs.org/multimap/-/multimap-1.1.0.tgz",
      "integrity": "sha512-0ZIR9PasPxGXmRsEF8jsDzndzHDj7tIav+JUmvIFB/WHswliFnquxECT/De7GR4yg99ky/NlRKJT82G1y271bw=="
    },
    "object-assign": {
      "version": "4.1.1",
      "resolved": "https://registry.npmjs.org/object-assign/-/object-assign-4.1.1.tgz",
      "integrity": "sha1-IQmtx5ZYh8/AXLvUQsrIv7s2CGM="
    },
    "shift-ast": {
      "version": "6.1.0",
      "resolved": "https://registry.npmjs.org/shift-ast/-/shift-ast-6.1.0.tgz",
      "integrity": "sha512-Vj4XUIJIFPIh6VcBGJ1hjH/kM88XGer94Pr7Rvxa+idEylDsrwtLw268HoxGo5xReL6T3DdRl/9/Pr1XihZ/8Q=="
    },
    "shift-codegen": {
      "version": "7.0.3",
      "resolved": "https://registry.npmjs.org/shift-codegen/-/shift-codegen-7.0.3.tgz",
      "integrity": "sha512-dfCVVdBF0qZ6pkajQ3bjxRdNEltyxEITVe7tBJkQt2eCI3znUkSxq0VSe/tTWq1LKHeAS4HuOiqYEuHMFkSq9w==",
      "requires": {
        "esutils": "^2.0.2",
        "object-assign": "^4.1.0",
        "shift-reducer": "6.0.0"
      }
    },
    "shift-fuzzer": {
      "version": "2.0.0",
      "resolved": "https://registry.npmjs.org/shift-fuzzer/-/shift-fuzzer-2.0.0.tgz",
      "integrity": "sha512-hgV4jqXELYR0UpEDlTnYcv0GXvhXV/y3lyYNyGtTq1Q6EdFIC9LLHjlrfVFt7d1VyzJqPkl/fME31ta0KrHiTQ==",
      "requires": {
        "shift-ast": "6.1.0"
      }
    },
    "shift-parser": {
      "version": "7.0.3",
      "resolved": "https://registry.npmjs.org/shift-parser/-/shift-parser-7.0.3.tgz",
      "integrity": "sha512-uYX2ORyZfKZrUc4iKKkO9KOhzUSxCrSBk7QK6ZmShId+BOo1gh1IwecVy97ynyOTpmhPWUttjC8BzsnQl65Zew==",
      "requires": {
        "multimap": "^1.0.2",
        "shift-ast": "6.0.0",
        "shift-reducer": "6.0.0",
        "shift-regexp-acceptor": "2.0.3"
      },
      "dependencies": {
        "shift-ast": {
          "version": "6.0.0",
          "resolved": "https://registry.npmjs.org/shift-ast/-/shift-ast-6.0.0.tgz",
          "integrity": "sha512-XXxDcEBWVBzqWXfNYJlLyJ1/9kMvOXVRXiqPjkOrTCC5qRsBvEMJMRLLFhU3tn8ue56Y7IZyBE6bexFum5QLUw=="
        }
      }
    },
    "shift-reducer": {
      "version": "6.0.0",
      "resolved": "https://registry.npmjs.org/shift-reducer/-/shift-reducer-6.0.0.tgz",
      "integrity": "sha512-2rJraRP8drIOjvaE/sALa+0tGJmMVUzlmS3wIJerJbaYuCjpFAiF0WjkTOFVtz1144Nm/ECmqeG+7yRhuMVsMg==",
      "requires": {
        "shift-ast": "6.0.0"
      },
      "dependencies": {
        "shift-ast": {
          "version": "6.0.0",
          "resolved": "https://registry.npmjs.org/shift-ast/-/shift-ast-6.0.0.tgz",
          "integrity": "sha512-XXxDcEBWVBzqWXfNYJlLyJ1/9kMvOXVRXiqPjkOrTCC5qRsBvEMJMRLLFhU3tn8ue56Y7IZyBE6bexFum5QLUw=="
        }
      }
    },
    "shift-regexp-acceptor": {
      "version": "2.0.3",
      "resolved": "https://registry.npmjs.org/shift-regexp-acceptor/-/shift-regexp-acceptor-2.0.3.tgz",
      "integrity": "sha512-sxL7e5JNUFxm+gutFRXktX2D6KVgDAHNuDsk5XHB9Z+N5yXooZG6pdZ1GEbo3Jz6lF7ETYLBC4WAjIFm2RKTmA==",
      "requires": {
        "unicode-match-property-ecmascript": "1.0.4",
        "unicode-match-property-value-ecmascript": "1.0.2",
        "unicode-property-aliases-ecmascript": "1.0.4"
      }
    },
    "shift-shrink": {
      "version": "1.1.2",
      "resolved": "https://registry.npmjs.org/shift-shrink/-/shift-shrink-1.1.2.tgz",
      "integrity": "sha512-A8bQGbXrc2ddu244I78Dwi/kVB0EeoFtlNHZU/z5ndevhr7IVlZDM4c5wk+ds6lPlPahzqrOC7/lcfKU920jwQ==",
      "requires": {
        "shift-ast": "^6.1.0",
        "shift-parser": "^7.0.3",
        "shift-reducer": "^6.0.0",
        "shift-spec": "^2018.0.2",
        "shift-validator": "^5.0.1"
      }
    },
    "shift-spec": {
      "version": "2018.0.2",
      "resolved": "https://registry.npmjs.org/shift-spec/-/shift-spec-2018.0.2.tgz",
      "integrity": "sha512-5CP/cKDEim4rZ6ViCSipTLY2U7HJr8q/kpDuCBmebFqbx/0DeozWO+9ienHmYjgGLDfHrqj+LBAN67FRK2vE6w=="
    },
    "shift-validator": {
      "version": "5.0.1",
      "resolved": "https://registry.npmjs.org/shift-validator/-/shift-validator-5.0.1.tgz",
      "integrity": "sha512-q0uUu2IWgEnItpuTbL1HGJkfBWKTGhDMTOqe1ANlc6qfV6jo1E3LB2P1rAVWQnOl+9iZSfdqYzNIACZ0j07l4Q==",
      "requires": {
        "esutils": "2.0.2",
        "shift-parser": "7.0.3",
        "shift-reducer": "6.0.0",
        "shift-regexp-acceptor": "2.0.3"
      },
      "dependencies": {
        "esutils": {
          "version": "2.0.2",
          "resolved": "https://registry.npmjs.org/esutils/-/esutils-2.0.2.tgz",
          "integrity": "sha1-Cr9PHKpbyx96nYrMbepPqqBLrJs="
        }
      }
    },
    "tenko": {
      "version": "2.0.1",
      "resolved": "https://registry.npmjs.org/tenko/-/tenko-2.0.1.tgz",
      "integrity": "sha512-oE6Dh8t5i5Cgc0LlogAKotl40wTWLyAn9fMwl5ZMoCUSxj5CFemzBJujy5/9DTFvI+LAsdhf/SYfFMIwUX99ug=="
    },
    "unicode-canonical-property-names-ecmascript": {
      "version": "1.0.4",
      "resolved": "https://registry.npmjs.org/unicode-canonical-property-names-ecmascript/-/unicode-canonical-property-names-ecmascript-1.0.4.tgz",
      "integrity": "sha512-jDrNnXWHd4oHiTZnx/ZG7gtUTVp+gCcTTKr8L0HjlwphROEW3+Him+IpvC+xcJEFegapiMZyZe02CyuOnRmbnQ=="
    },
    "unicode-match-property-ecmascript": {
      "version": "1.0.4",
      "resolved": "https://registry.npmjs.org/unicode-match-property-ecmascript/-/unicode-match-property-ecmascript-1.0.4.tgz",
      "integrity": "sha512-L4Qoh15vTfntsn4P1zqnHulG0LdXgjSO035fEpdtp6YxXhMT51Q6vgM5lYdG/5X3MjS+k/Y9Xw4SFCY9IkR0rg==",
      "requires": {
        "unicode-canonical-property-names-ecmascript": "^1.0.4",
        "unicode-property-aliases-ecmascript": "^1.0.4"
      }
    },
    "unicode-match-property-value-ecmascript": {
      "version": "1.0.2",
      "resolved": "https://registry.npmjs.org/unicode-match-property-value-ecmascript/-/unicode-match-property-value-ecmascript-1.0.2.tgz",
      "integrity": "sha512-Rx7yODZC1L/T8XKo/2kNzVAQaRE88AaMvI1EF/Xnj3GW2wzN6fop9DDWuFAKUVFH7vozkz26DzP0qyWLKLIVPQ=="
    },
    "unicode-property-aliases-ecmascript": {
      "version": "1.0.4",
      "resolved": "https://registry.npmjs.org/unicode-property-aliases-ecmascript/-/unicode-property-aliases-ecmascript-1.0.4.tgz",
      "integrity": "sha512-2WSLa6OdYd2ng8oqiGIWnJqyFArvhn+5vgx5GTxMbUYjCYKUcuKS62YLFF0R/BDGlB1yzXjQOLtPAfHsgirEpg=="
    }
  }
}
